
Microsoft Visual Studio Solution File, Format Version 12.00
# Visual Studio Version 17
VisualStudioVersion = 17.1.32210.238
MinimumVisualStudioVersion = 10.0.40219.1
Project("{FAE04EC0-301F-11D3-BF4B-00C04F79EFBC}") = "PDVSystem", "PDVSystem\PDVSystem.csproj", "{7EA5569E-2029-4597-98E0-962E928DEBBA}"
EndProject
Global
	GlobalSection(SolutionConfigurationPlatforms) = preSolution
		Debug|Any CPU = Debug|Any CPU
		Release|Any CPU = Release|Any CPU
	EndGlobalSection
	GlobalSection(ProjectConfigurationPlatforms) = postSolution
		{7EA5569E-2029-4597-98E0-962E928DEBBA}.Debug|Any CPU.ActiveCfg = Debug|Any CPU
		{7EA5569E-2029-4597-98E0-962E928DEBBA}.Debug|Any CPU.Build.0 = Debug|Any CPU
		{7EA5569E-2029-4597-98E0-962E928DEBBA}.Release|Any CPU.ActiveCfg = Release|Any CPU
		{7EA5569E-2029-4597-98E0-962E928DEBBA}.Release|Any CPU.Build.0 = Release|Any CPU
	EndGlobalSection
	GlobalSection(SolutionProperties) = preSolution
		HideSolutionNode = FALSE
	EndGlobalSection
	GlobalSection(ExtensibilityGlobals) = postSolution
		SolutionGuid = {73654922-B5CA-45D6-B53F-F14E71EF88B8}
	EndGlobalSection
EndGlobal
